
Microsoft Visual Studio Solution File, Format Version 12.00
# Visual Studio Version 16
VisualStudioVersion = 16.0.29519.87
MinimumVisualStudioVersion = 10.0.40219.1
Project("{FAE04EC0-301F-11D3-BF4B-00C04F79EFBC}") = "CampusRechner", "CampusRechner\CampusRechner.csproj", "{62EF02E5-4755-409C-875E-BDE14FABB161}"
EndProject
Global
	GlobalSection(SolutionConfigurationPlatforms) = preSolution
		Debug|Any CPU = Debug|Any CPU
		Release|Any CPU = Release|Any CPU
	EndGlobalSection
	GlobalSection(ProjectConfigurationPlatforms) = postSolution
		{62EF02E5-4755-409C-875E-BDE14FABB161}.Debug|Any CPU.ActiveCfg = Debug|Any CPU
		{62EF02E5-4755-409C-875E-BDE14FABB161}.Debug|Any CPU.Build.0 = Debug|Any CPU
		{62EF02E5-4755-409C-875E-BDE14FABB161}.Release|Any CPU.ActiveCfg = Release|Any CPU
		{62EF02E5-4755-409C-875E-BDE14FABB161}.Release|Any CPU.Build.0 = Release|Any CPU
	EndGlobalSection
	GlobalSection(SolutionProperties) = preSolution
		HideSolutionNode = FALSE
	EndGlobalSection
	GlobalSection(ExtensibilityGlobals) = postSolution
		SolutionGuid = {000A6AAB-7F9D-4BD1-A9C1-13F063D889EE}
	EndGlobalSection
EndGlobal
